// !$*UTF8*$!
{
	archiveVersion = 1;
	classes = {
	};
	objectVersion = 56;
	objects = {

/* Begin PBXBuildFile section */
		054743FE290B58B2008C35A4 /* Basic.m in Sources */ = {isa = PBXBuildFile; fileRef = 054743FD290B58B2008C35A4 /* Basic.m */; };
		05AB0DF6290A6134001B25A2 /* AppDelegate.m in Sources */ = {isa = PBXBuildFile; fileRef = 05AB0DF5290A6134001B25A2 /* AppDelegate.m */; };
		05AB0DF9290A6134001B25A2 /* SceneDelegate.m in Sources */ = {isa = PBXBuildFile; fileRef = 05AB0DF8290A6134001B25A2 /* SceneDelegate.m */; };
		05AB0DFC290A6134001B25A2 /* ViewController.m in Sources */ = {isa = PBXBuildFile; fileRef = 05AB0DFB290A6134001B25A2 /* ViewController.m */; };
		05AB0E01290A6136001B25A2 /* Assets.xcassets in Resources */ = {isa = PBXBuildFile; fileRef = 05AB0E00290A6136001B25A2 /* Assets.xcassets */; };
		05AB0E04290A6136001B25A2 /* LaunchScreen.storyboard in Resources */ = {isa = PBXBuildFile; fileRef = 05AB0E02290A6136001B25A2 /* LaunchScreen.storyboard */; };
		05AB0E07290A6136001B25A2 /* main.m in Sources */ = {isa = PBXBuildFile; fileRef = 05AB0E06290A6136001B25A2 /* main.m */; };
		05AB0E16290A7C77001B25A2 /* CLanguage.c in Sources */ = {isa = PBXBuildFile; fileRef = 05AB0E15290A7C77001B25A2 /* CLanguage.c */; };
		05AB0E19290A7C86001B25A2 /* CppLanguage.cpp in Sources */ = {isa = PBXBuildFile; fileRef = 05AB0E17290A7C86001B25A2 /* CppLanguage.cpp */; };
/* End PBXBuildFile section */

/* Begin PBXFileReference section */
		054743FC290B58B2008C35A4 /* Basic.h */ = {isa = PBXFileReference; lastKnownFileType = sourcecode.c.h; path = Basic.h; sourceTree = "<group>"; };
		054743FD290B58B2008C35A4 /* Basic.m */ = {isa = PBXFileReference; lastKnownFileType = sourcecode.c.objc; path = Basic.m; sourceTree = "<group>"; };
		05AB0DF1290A6134001B25A2 /* ObjectiveC.app */ = {isa = PBXFileReference; explicitFileType = wrapper.application; includeInIndex = 0; path = ObjectiveC.app; sourceTree = BUILT_PRODUCTS_DIR; };
		05AB0DF4290A6134001B25A2 /* AppDelegate.h */ = {isa = PBXFileReference; lastKnownFileType = sourcecode.c.h; path = AppDelegate.h; sourceTree = "<group>"; };
		05AB0DF5290A6134001B25A2 /* AppDelegate.m */ = {isa = PBXFileReference; lastKnownFileType = sourcecode.c.objc; path = AppDelegate.m; sourceTree = "<group>"; };
		05AB0DF7290A6134001B25A2 /* SceneDelegate.h */ = {isa = PBXFileReference; lastKnownFileType = sourcecode.c.h; path = SceneDelegate.h; sourceTree = "<group>"; };
		05AB0DF8290A6134001B25A2 /* SceneDelegate.m */ = {isa = PBXFileReference; lastKnownFileType = sourcecode.c.objc; path = SceneDelegate.m; sourceTree = "<group>"; };
		05AB0DFA290A6134001B25A2 /* ViewController.h */ = {isa = PBXFileReference; lastKnownFileType = sourcecode.c.h; path = ViewController.h; sourceTree = "<group>"; };
		05AB0DFB290A6134001B25A2 /* ViewController.m */ = {isa = PBXFileReference; lastKnownFileType = sourcecode.c.objc; path = ViewController.m; sourceTree = "<group>"; };
		05AB0E00290A6136001B25A2 /* Assets.xcassets */ = {isa = PBXFileReference; lastKnownFileType = folder.assetcatalog; path = Assets.xcassets; sourceTree = "<group>"; };
		05AB0E03290A6136001B25A2 /* Base */ = {isa = PBXFileReference; lastKnownFileType = file.storyboard; name = Base; path = Base.lproj/LaunchScreen.storyboard; sourceTree = "<group>"; };
		05AB0E05290A6136001B25A2 /* Info.plist */ = {isa = PBXFileReference; lastKnownFileType = text.plist.xml; path = Info.plist; sourceTree = "<group>"; };
		05AB0E06290A6136001B25A2 /* main.m */ = {isa = PBXFileReference; lastKnownFileType = sourcecode.c.objc; path = main.m; sourceTree = "<group>"; };
		05AB0E14290A7C77001B25A2 /* CLanguage.h */ = {isa = PBXFileReference; lastKnownFileType = sourcecode.c.h; path = CLanguage.h; sourceTree = "<group>"; };
		05AB0E15290A7C77001B25A2 /* CLanguage.c */ = {isa = PBXFileReference; lastKnownFileType = sourcecode.c.c; path = CLanguage.c; sourceTree = "<group>"; };
		05AB0E17290A7C86001B25A2 /* CppLanguage.cpp */ = {isa = PBXFileReference; lastKnownFileType = sourcecode.cpp.cpp; path = CppLanguage.cpp; sourceTree = "<group>"; };
		05AB0E18290A7C86001B25A2 /* CppLanguage.hpp */ = {isa = PBXFileReference; lastKnownFileType = sourcecode.cpp.h; path = CppLanguage.hpp; sourceTree = "<group>"; };
/* End PBXFileReference section */

/* Begin PBXFrameworksBuildPhase section */
		05AB0DEE290A6134001B25A2 /* Frameworks */ = {
			isa = PBXFrameworksBuildPhase;
			buildActionMask = 2147483647;
			files = (
			);
			runOnlyForDeploymentPostprocessing = 0;
		};
/* End PBXFrameworksBuildPhase section */

/* Begin PBXGroup section */
		054743FB290B58A1008C35A4 /* Basic */ = {
			isa = PBXGroup;
			children = (
				054743FC290B58B2008C35A4 /* Basic.h */,
				054743FD290B58B2008C35A4 /* Basic.m */,
			);
			path = Basic;
			sourceTree = "<group>";
		};
		05AB0DE8290A6134001B25A2 = {
			isa = PBXGroup;
			children = (
				05AB0DF3290A6134001B25A2 /* ObjectiveC */,
				05AB0DF2290A6134001B25A2 /* Products */,
			);
			sourceTree = "<group>";
		};
		05AB0DF2290A6134001B25A2 /* Products */ = {
			isa = PBXGroup;
			children = (
				05AB0DF1290A6134001B25A2 /* ObjectiveC.app */,
			);
			name = Products;
			sourceTree = "<group>";
		};
		05AB0DF3290A6134001B25A2 /* ObjectiveC */ = {
			isa = PBXGroup;
			children = (
				054743FB290B58A1008C35A4 /* Basic */,
				05AB0E0E290A780B001B25A2 /* Feature */,
				05AB0E0D290A7802001B25A2 /* Supporting Files */,
			);
			path = ObjectiveC;
			sourceTree = "<group>";
		};
		05AB0E0D290A7802001B25A2 /* Supporting Files */ = {
			isa = PBXGroup;
			children = (
				05AB0DF4290A6134001B25A2 /* AppDelegate.h */,
				05AB0DF5290A6134001B25A2 /* AppDelegate.m */,
				05AB0DF7290A6134001B25A2 /* SceneDelegate.h */,
				05AB0DF8290A6134001B25A2 /* SceneDelegate.m */,
				05AB0E00290A6136001B25A2 /* Assets.xcassets */,
				05AB0E02290A6136001B25A2 /* LaunchScreen.storyboard */,
				05AB0E05290A6136001B25A2 /* Info.plist */,
				05AB0E06290A6136001B25A2 /* main.m */,
			);
			path = "Supporting Files";
			sourceTree = "<group>";
		};
		05AB0E0E290A780B001B25A2 /* Feature */ = {
			isa = PBXGroup;
			children = (
				05AB0DFA290A6134001B25A2 /* ViewController.h */,
				05AB0DFB290A6134001B25A2 /* ViewController.m */,
				05AB0E14290A7C77001B25A2 /* CLanguage.h */,
				05AB0E15290A7C77001B25A2 /* CLanguage.c */,
				05AB0E17290A7C86001B25A2 /* CppLanguage.cpp */,
				05AB0E18290A7C86001B25A2 /* CppLanguage.hpp */,
			);
			path = Feature;
			sourceTree = "<group>";
		};
/* End PBXGroup section */

/* Begin PBXNativeTarget section */
		05AB0DF0290A6134001B25A2 /* ObjectiveC */ = {
			isa = PBXNativeTarget;
			buildConfigurationList = 05AB0E0A290A6136001B25A2 /* Build configuration list for PBXNativeTarget "ObjectiveC" */;
			buildPhases = (
				05AB0DED290A6134001B25A2 /* Sources */,
				05AB0DEE290A6134001B25A2 /* Frameworks */,
				05AB0DEF290A6134001B25A2 /* Resources */,
			);
			buildRules = (
			);
			dependencies = (
			);
			name = ObjectiveC;
			productName = ObjectiveC;
			productReference = 05AB0DF1290A6134001B25A2 /* ObjectiveC.app */;
			productType = "com.apple.product-type.application";
		};
/* End PBXNativeTarget section */

/* Begin PBXProject section */
		05AB0DE9290A6134001B25A2 /* Project object */ = {
			isa = PBXProject;
			attributes = {
				BuildIndependentTargetsInParallel = 1;
				LastUpgradeCheck = 1400;
				TargetAttributes = {
					05AB0DF0290A6134001B25A2 = {
						CreatedOnToolsVersion = 14.0.1;
					};
				};
			};
			buildConfigurationList = 05AB0DEC290A6134001B25A2 /* Build configuration list for PBXProject "ObjectiveC" */;
			compatibilityVersion = "Xcode 14.0";
			developmentRegion = en;
			hasScannedForEncodings = 0;
			knownRegions = (
				en,
				Base,
			);
			mainGroup = 05AB0DE8290A6134001B25A2;
			productRefGroup = 05AB0DF2290A6134001B25A2 /* Products */;
			projectDirPath = "";
			projectRoot = "";
			targets = (
				05AB0DF0290A6134001B25A2 /* ObjectiveC */,
			);
		};
/* End PBXProject section */

/* Begin PBXResourcesBuildPhase section */
		05AB0DEF290A6134001B25A2 /* Resources */ = {
			isa = PBXResourcesBuildPhase;
			buildActionMask = 2147483647;
			files = (
				05AB0E04290A6136001B25A2 /* LaunchScreen.storyboard in Resources */,
				05AB0E01290A6136001B25A2 /* Assets.xcassets in Resources */,
			);
			runOnlyForDeploymentPostprocessing = 0;
		};
/* End PBXResourcesBuildPhase section */

/* Begin PBXSourcesBuildPhase section */
		05AB0DED290A6134001B25A2 /* Sources */ = {
			isa = PBXSourcesBuildPhase;
			buildActionMask = 2147483647;
			files = (
				05AB0DFC290A6134001B25A2 /* ViewController.m in Sources */,
				05AB0E19290A7C86001B25A2 /* CppLanguage.cpp in Sources */,
				05AB0DF6290A6134001B25A2 /* AppDelegate.m in Sources */,
				05AB0E16290A7C77001B25A2 /* CLanguage.c in Sources */,
				054743FE290B58B2008C35A4 /* Basic.m in Sources */,
				05AB0E07290A6136001B25A2 /* main.m in Sources */,
				05AB0DF9290A6134001B25A2 /* SceneDelegate.m in Sources */,
			);
			runOnlyForDeploymentPostprocessing = 0;
		};
/* End PBXSourcesBuildPhase section */

/* Begin PBXVariantGroup section */
		05AB0E02290A6136001B25A2 /* LaunchScreen.storyboard */ = {
			isa = PBXVariantGroup;
			children = (
				05AB0E03290A6136001B25A2 /* Base */,
			);
			name = LaunchScreen.storyboard;
			sourceTree = "<group>";
		};
/* End PBXVariantGroup section */

/* Begin XCBuildConfiguration section */
		05AB0E08290A6136001B25A2 /* Debug */ = {
			isa = XCBuildConfiguration;
			buildSettings = {
				ALWAYS_SEARCH_USER_PATHS = NO;
				CLANG_ANALYZER_NONNULL = YES;
				CLANG_ANALYZER_NUMBER_OBJECT_CONVERSION = YES_AGGRESSIVE;
				CLANG_CXX_LANGUAGE_STANDARD = "gnu++20";
				CLANG_ENABLE_MODULES = YES;
				CLANG_ENABLE_OBJC_ARC = YES;
				CLANG_ENABLE_OBJC_WEAK = YES;
				CLANG_WARN_BLOCK_CAPTURE_AUTORELEASING = YES;
				CLANG_WARN_BOOL_CONVERSION = YES;
				CLANG_WARN_COMMA = YES;
				CLANG_WARN_CONSTANT_CONVERSION = YES;
				CLANG_WARN_DEPRECATED_OBJC_IMPLEMENTATIONS = YES;
				CLANG_WARN_DIRECT_OBJC_ISA_USAGE = YES_ERROR;
				CLANG_WARN_DOCUMENTATION_COMMENTS = YES;
				CLANG_WARN_EMPTY_BODY = YES;
				CLANG_WARN_ENUM_CONVERSION = YES;
				CLANG_WARN_INFINITE_RECURSION = YES;
				CLANG_WARN_INT_CONVERSION = YES;
				CLANG_WARN_NON_LITERAL_NULL_CONVERSION = YES;
				CLANG_WARN_OBJC_IMPLICIT_RETAIN_SELF = YES;
				CLANG_WARN_OBJC_LITERAL_CONVERSION = YES;
				CLANG_WARN_OBJC_ROOT_CLASS = YES_ERROR;
				CLANG_WARN_QUOTED_INCLUDE_IN_FRAMEWORK_HEADER = YES;
				CLANG_WARN_RANGE_LOOP_ANALYSIS = YES;
				CLANG_WARN_STRICT_PROTOTYPES = YES;
				CLANG_WARN_SUSPICIOUS_MOVE = YES;
				CLANG_WARN_UNGUARDED_AVAILABILITY = YES_AGGRESSIVE;
				CLANG_WARN_UNREACHABLE_CODE = YES;
				CLANG_WARN__DUPLICATE_METHOD_MATCH = YES;
				COPY_PHASE_STRIP = NO;
				DEBUG_INFORMATION_FORMAT = dwarf;
				ENABLE_STRICT_OBJC_MSGSEND = YES;
				ENABLE_TESTABILITY = YES;
				GCC_C_LANGUAGE_STANDARD = gnu11;
				GCC_DYNAMIC_NO_PIC = NO;
				GCC_NO_COMMON_BLOCKS = YES;
				GCC_OPTIMIZATION_LEVEL = 0;
				GCC_PREPROCESSOR_DEFINITIONS = (
					"DEBUG=1",
					"$(inherited)",
				);
				GCC_WARN_64_TO_32_BIT_CONVERSION = YES;
				GCC_WARN_ABOUT_RETURN_TYPE = YES_ERROR;
				GCC_WARN_UNDECLARED_SELECTOR = YES;
				GCC_WARN_UNINITIALIZED_AUTOS = YES_AGGRESSIVE;
				GCC_WARN_UNUSED_FUNCTION = YES;
				GCC_WARN_UNUSED_VARIABLE = YES;
				IPHONEOS_DEPLOYMENT_TARGET = 16.0;
				MTL_ENABLE_DEBUG_INFO = INCLUDE_SOURCE;
				MTL_FAST_MATH = YES;
				ONLY_ACTIVE_ARCH = YES;
				SDKROOT = iphoneos;
			};
			name = Debug;
		};
		05AB0E09290A6136001B25A2 /* Release */ = {
			isa = XCBuildConfiguration;
			buildSettings = {
				ALWAYS_SEARCH_USER_PATHS = NO;
				CLANG_ANALYZER_NONNULL = YES;
				CLANG_ANALYZER_NUMBER_OBJECT_CONVERSION = YES_AGGRESSIVE;
				CLANG_CXX_LANGUAGE_STANDARD = "gnu++20";
				CLANG_ENABLE_MODULES = YES;
				CLANG_ENABLE_OBJC_ARC = YES;
				CLANG_ENABLE_OBJC_WEAK = YES;
				CLANG_WARN_BLOCK_CAPTURE_AUTORELEASING = YES;
				CLANG_WARN_BOOL_CONVERSION = YES;
				CLANG_WARN_COMMA = YES;
				CLANG_WARN_CONSTANT_CONVERSION = YES;
				CLANG_WARN_DEPRECATED_OBJC_IMPLEMENTATIONS = YES;
				CLANG_WARN_DIRECT_OBJC_ISA_USAGE = YES_ERROR;
				CLANG_WARN_DOCUMENTATION_COMMENTS = YES;
				CLANG_WARN_EMPTY_BODY = YES;
				CLANG_WARN_ENUM_CONVERSION = YES;
				CLANG_WARN_INFINITE_RECURSION = YES;
				CLANG_WARN_INT_CONVERSION = YES;
				CLANG_WARN_NON_LITERAL_NULL_CONVERSION = YES;
				CLANG_WARN_OBJC_IMPLICIT_RETAIN_SELF = YES;
				CLANG_WARN_OBJC_LITERAL_CONVERSION = YES;
				CLANG_WARN_OBJC_ROOT_CLASS = YES_ERROR;
				CLANG_WARN_QUOTED_INCLUDE_IN_FRAMEWORK_HEADER = YES;
				CLANG_WARN_RANGE_LOOP_ANALYSIS = YES;
				CLANG_WARN_STRICT_PROTOTYPES = YES;
				CLANG_WARN_SUSPICIOUS_MOVE = YES;
				CLANG_WARN_UNGUARDED_AVAILABILITY = YES_AGGRESSIVE;
				CLANG_WARN_UNREACHABLE_CODE = YES;
				CLANG_WARN__DUPLICATE_METHOD_MATCH = YES;
				COPY_PHASE_STRIP = NO;
				DEBUG_INFORMATION_FORMAT = "dwarf-with-dsym";
				ENABLE_NS_ASSERTIONS = NO;
				ENABLE_STRICT_OBJC_MSGSEND = YES;
				GCC_C_LANGUAGE_STANDARD = gnu11;
				GCC_NO_COMMON_BLOCKS = YES;
				GCC_WARN_64_TO_32_BIT_CONVERSION = YES;
				GCC_WARN_ABOUT_RETURN_TYPE = YES_ERROR;
				GCC_WARN_UNDECLARED_SELECTOR = YES;
				GCC_WARN_UNINITIALIZED_AUTOS = YES_AGGRESSIVE;
				GCC_WARN_UNUSED_FUNCTION = YES;
				GCC_WARN_UNUSED_VARIABLE = YES;
				IPHONEOS_DEPLOYMENT_TARGET = 16.0;
				MTL_ENABLE_DEBUG_INFO = NO;
				MTL_FAST_MATH = YES;
				SDKROOT = iphoneos;
				VALIDATE_PRODUCT = YES;
			};
			name = Release;
		};
		05AB0E0B290A6136001B25A2 /* Debug */ = {
			isa = XCBuildConfiguration;
			buildSettings = {
				ASSETCATALOG_COMPILER_APPICON_NAME = AppIcon;
				ASSETCATALOG_COMPILER_GLOBAL_ACCENT_COLOR_NAME = AccentColor;
				CODE_SIGN_STYLE = Automatic;
				CURRENT_PROJECT_VERSION = 1;
				DEVELOPMENT_TEAM = U7JXGAK6AA;
				GENERATE_INFOPLIST_FILE = YES;
				INFOPLIST_FILE = "ObjectiveC/Supporting Files/Info.plist";
				INFOPLIST_KEY_UIApplicationSupportsIndirectInputEvents = YES;
				INFOPLIST_KEY_UILaunchStoryboardName = LaunchScreen;
				INFOPLIST_KEY_UISupportedInterfaceOrientations_iPad = "UIInterfaceOrientationPortrait UIInterfaceOrientationPortraitUpsideDown UIInterfaceOrientationLandscapeLeft UIInterfaceOrientationLandscapeRight";
				INFOPLIST_KEY_UISupportedInterfaceOrientations_iPhone = "UIInterfaceOrientationPortrait UIInterfaceOrientationLandscapeLeft UIInterfaceOrientationLandscapeRight";
				IPHONEOS_DEPLOYMENT_TARGET = 15.0;
				LD_RUNPATH_SEARCH_PATHS = (
					"$(inherited)",
					"@executable_path/Frameworks",
				);
				MARKETING_VERSION = 1.0;
				PRODUCT_BUNDLE_IDENTIFIER = joohyupkim.ObjectiveC;
				PRODUCT_NAME = "$(TARGET_NAME)";
				SWIFT_EMIT_LOC_STRINGS = YES;
				TARGETED_DEVICE_FAMILY = "1,2";
			};
			name = Debug;
		};
		05AB0E0C290A6136001B25A2 /* Release */ = {
			isa = XCBuildConfiguration;
			buildSettings = {
				ASSETCATALOG_COMPILER_APPICON_NAME = AppIcon;
				ASSETCATALOG_COMPILER_GLOBAL_ACCENT_COLOR_NAME = AccentColor;
				CODE_SIGN_STYLE = Automatic;
				CURRENT_PROJECT_VERSION = 1;
				DEVELOPMENT_TEAM = U7JXGAK6AA;
				GENERATE_INFOPLIST_FILE = YES;
				INFOPLIST_FILE = "ObjectiveC/Supporting Files/Info.plist";
				INFOPLIST_KEY_UIApplicationSupportsIndirectInputEvents = YES;
				INFOPLIST_KEY_UILaunchStoryboardName = LaunchScreen;
				INFOPLIST_KEY_UISupportedInterfaceOrientations_iPad = "UIInterfaceOrientationPortrait UIInterfaceOrientationPortraitUpsideDown UIInterfaceOrientationLandscapeLeft UIInterfaceOrientationLandscapeRight";
				INFOPLIST_KEY_UISupportedInterfaceOrientations_iPhone = "UIInterfaceOrientationPortrait UIInterfaceOrientationLandscapeLeft UIInterfaceOrientationLandscapeRight";
				IPHONEOS_DEPLOYMENT_TARGET = 15.0;
				LD_RUNPATH_SEARCH_PATHS = (
					"$(inherited)",
					"@executable_path/Frameworks",
				);
				MARKETING_VERSION = 1.0;
				PRODUCT_BUNDLE_IDENTIFIER = joohyupkim.ObjectiveC;
				PRODUCT_NAME = "$(TARGET_NAME)";
				SWIFT_EMIT_LOC_STRINGS = YES;
				TARGETED_DEVICE_FAMILY = "1,2";
			};
			name = Release;
		};
/* End XCBuildConfiguration section */

/* Begin XCConfigurationList section */
		05AB0DEC290A6134001B25A2 /* Build configuration list for PBXProject "ObjectiveC" */ = {
			isa = XCConfigurationList;
			buildConfigurations = (
				05AB0E08290A6136001B25A2 /* Debug */,
				05AB0E09290A6136001B25A2 /* Release */,
			);
			defaultConfigurationIsVisible = 0;
			defaultConfigurationName = Release;
		};
		05AB0E0A290A6136001B25A2 /* Build configuration list for PBXNativeTarget "ObjectiveC" */ = {
			isa = XCConfigurationList;
			buildConfigurations = (
				05AB0E0B290A6136001B25A2 /* Debug */,
				05AB0E0C290A6136001B25A2 /* Release */,
			);
			defaultConfigurationIsVisible = 0;
			defaultConfigurationName = Release;
		};
/* End XCConfigurationList section */
	};
	rootObject = 05AB0DE9290A6134001B25A2 /* Project object */;
}
